
Microsoft Visual Studio Solution File, Format Version 12.00
# Visual Studio Version 16
VisualStudioVersion = 16.0.28803.156
MinimumVisualStudioVersion = 10.0.40219.1
Project("{9A19103F-16F7-4668-BE54-9A1E7A4F7556}") = "Vibechat.Web", "Vibechat.Web\Vibechat.Web.csproj", "{67F783F8-99F9-47EC-8414-80B9E6709543}"
EndProject
Project("{D954291E-2A0B-460D-934E-DC6B0785DB48}") = "Vibechat.Web.Data", "Vibechat.Web.Data\Vibechat.Web.Data.shproj", "{3F7C5F2D-0E46-4D20-8E94-55F1F2DED94A}"
EndProject
Project("{9A19103F-16F7-4668-BE54-9A1E7A4F7556}") = "TestApp", "WebApplication1\TestApp.csproj", "{CF60DB83-F686-43C8-BC39-7481F5FA5A05}"
EndProject
Global
	GlobalSection(SharedMSBuildProjectFiles) = preSolution
		Vibechat.Web.Data\Vibechat.Web.Data.projitems*{3f7c5f2d-0e46-4d20-8e94-55f1f2ded94a}*SharedItemsImports = 13
	EndGlobalSection
	GlobalSection(SolutionConfigurationPlatforms) = preSolution
		Debug|Any CPU = Debug|Any CPU
		Release|Any CPU = Release|Any CPU
	EndGlobalSection
	GlobalSection(ProjectConfigurationPlatforms) = postSolution
		{67F783F8-99F9-47EC-8414-80B9E6709543}.Debug|Any CPU.ActiveCfg = Debug|Any CPU
		{67F783F8-99F9-47EC-8414-80B9E6709543}.Debug|Any CPU.Build.0 = Debug|Any CPU
		{67F783F8-99F9-47EC-8414-80B9E6709543}.Release|Any CPU.ActiveCfg = Release|Any CPU
		{67F783F8-99F9-47EC-8414-80B9E6709543}.Release|Any CPU.Build.0 = Release|Any CPU
		{CF60DB83-F686-43C8-BC39-7481F5FA5A05}.Debug|Any CPU.ActiveCfg = Debug|Any CPU
		{CF60DB83-F686-43C8-BC39-7481F5FA5A05}.Debug|Any CPU.Build.0 = Debug|Any CPU
		{CF60DB83-F686-43C8-BC39-7481F5FA5A05}.Release|Any CPU.ActiveCfg = Release|Any CPU
		{CF60DB83-F686-43C8-BC39-7481F5FA5A05}.Release|Any CPU.Build.0 = Release|Any CPU
	EndGlobalSection
	GlobalSection(SolutionProperties) = preSolution
		HideSolutionNode = FALSE
	EndGlobalSection
	GlobalSection(ExtensibilityGlobals) = postSolution
		SolutionGuid = {B4FE89C4-1FA5-42F9-B3A5-15E8255346F8}
	EndGlobalSection
EndGlobal
